
Microsoft Visual Studio Solution File, Format Version 11.00
# Visual Studio 2010
Project("{FAE04EC0-301F-11D3-BF4B-00C04F79EFBC}") = "PhotoBook", "PictureBook\PhotoBook.csproj", "{887D9D2E-622E-446D-A3DC-E2B548E13D14}"
EndProject
Project("{2150E333-8FDC-42A3-9474-1A3956D46DE8}") = "Solution Items", "Solution Items", "{BE35D2CA-6D83-4902-9B47-4471F1D9D437}"
	ProjectSection(SolutionItems) = preProject
		Local.testsettings = Local.testsettings
		PictureBook.vsmdi = PictureBook.vsmdi
		TraceAndTestImpact.testsettings = TraceAndTestImpact.testsettings
	EndProjectSection
EndProject
Project("{FAE04EC0-301F-11D3-BF4B-00C04F79EFBC}") = "PhotoBookTest", "PictureBookTest\PhotoBookTest.csproj", "{0FA5B9AA-269C-454B-8A2F-E4FD084527B0}"
EndProject
Global
	GlobalSection(TestCaseManagementSettings) = postSolution
		CategoryFile = PictureBook.vsmdi
	EndGlobalSection
	GlobalSection(SolutionConfigurationPlatforms) = preSolution
		Debug|Any CPU = Debug|Any CPU
		Release|Any CPU = Release|Any CPU
	EndGlobalSection
	GlobalSection(ProjectConfigurationPlatforms) = postSolution
		{887D9D2E-622E-446D-A3DC-E2B548E13D14}.Debug|Any CPU.ActiveCfg = Debug|Any CPU
		{887D9D2E-622E-446D-A3DC-E2B548E13D14}.Debug|Any CPU.Build.0 = Debug|Any CPU
		{887D9D2E-622E-446D-A3DC-E2B548E13D14}.Debug|Any CPU.Deploy.0 = Debug|Any CPU
		{887D9D2E-622E-446D-A3DC-E2B548E13D14}.Release|Any CPU.ActiveCfg = Release|Any CPU
		{887D9D2E-622E-446D-A3DC-E2B548E13D14}.Release|Any CPU.Build.0 = Release|Any CPU
		{887D9D2E-622E-446D-A3DC-E2B548E13D14}.Release|Any CPU.Deploy.0 = Release|Any CPU
		{0FA5B9AA-269C-454B-8A2F-E4FD084527B0}.Debug|Any CPU.ActiveCfg = Debug|Any CPU
		{0FA5B9AA-269C-454B-8A2F-E4FD084527B0}.Debug|Any CPU.Build.0 = Debug|Any CPU
		{0FA5B9AA-269C-454B-8A2F-E4FD084527B0}.Release|Any CPU.ActiveCfg = Release|Any CPU
		{0FA5B9AA-269C-454B-8A2F-E4FD084527B0}.Release|Any CPU.Build.0 = Release|Any CPU
	EndGlobalSection
	GlobalSection(SolutionProperties) = preSolution
		HideSolutionNode = FALSE
	EndGlobalSection
EndGlobal
